{
  "lockfile_version": "1",
  "packages": {
    "git@latest": {
      "last_modified": "2024-08-10T20:11:49Z",
      "resolved": "github:NixOS/nixpkgs/e1d92cda6fd1bcec60e4938ce92fcee619eea793#git",
      "source": "devbox-search",
      "version": "2.45.2",
      "systems": {
        "aarch64-darwin": {
          "outputs": [
            {
              "name": "out",
              "path": "/nix/store/x40bf8i3vwwjaxgm423f6b6rcy4qm5m3-git-2.45.2",
              "default": true
            },
            {
              "name": "doc",
              "path": "/nix/store/y1gby0cqi1rfcpw96599ilz4awr66d8l-git-2.45.2-doc"
            }
          ],
          "store_path": "/nix/store/x40bf8i3vwwjaxgm423f6b6rcy4qm5m3-git-2.45.2"
        },
        "aarch64-linux": {
          "outputs": [
            {
              "name": "out",
              "path": "/nix/store/73qc51sx4352lj7s16pxpbrans5q0vv4-git-2.45.2",
              "default": true
            },
            {
              "name": "debug",
              "path": "/nix/store/9n07a8n5pr4l8n4yqadf28qdhli50rw8-git-2.45.2-debug"
            },
            {
              "name": "doc",
              "path": "/nix/store/j2m7gk657zywrvz3w1vd0mz4crbs7i97-git-2.45.2-doc"
            }
          ],
          "store_path": "/nix/store/73qc51sx4352lj7s16pxpbrans5q0vv4-git-2.45.2"
        },
        "x86_64-darwin": {
          "outputs": [
            {
              "name": "out",
              "path": "/nix/store/wxz5l3p62yzfg8ym2w10qf46v4j1d9bb-git-2.45.2",
              "default": true
            },
            {
              "name": "doc",
              "path": "/nix/store/2l9ycdxdz9f8f4zyrgwfgzaw8if0z743-git-2.45.2-doc"
            }
          ],
          "store_path": "/nix/store/wxz5l3p62yzfg8ym2w10qf46v4j1d9bb-git-2.45.2"
        },
        "x86_64-linux": {
          "outputs": [
            {
              "name": "out",
              "path": "/nix/store/zlkbk9a9l6jw9ghaknlyk6l73q263m44-git-2.45.2",
              "default": true
            },
            {
              "name": "debug",
              "path": "/nix/store/3f2r8s83z5m6mvhysmb0q8ni664xnjfm-git-2.45.2-debug"
            },
            {
              "name": "doc",
              "path": "/nix/store/ardp2nl3vylv67x5m2kg3xsvci1hc7kl-git-2.45.2-doc"
            }
          ],
          "store_path": "/nix/store/zlkbk9a9l6jw9ghaknlyk6l73q263m44-git-2.45.2"
        }
      }
    },
    "ripgrep@latest": {
      "last_modified": "2024-07-31T08:48:38Z",
      "resolved": "github:NixOS/nixpkgs/c3392ad349a5227f4a3464dce87bcc5046692fce#ripgrep",
      "source": "devbox-search",
      "version": "14.1.0",
      "systems": {
        "aarch64-darwin": {
          "outputs": [
            {
              "name": "out",
              "path": "/nix/store/ci25psqyv409fcigp56b4rx46dl6b68g-ripgrep-14.1.0",
              "default": true
            }
          ],
          "store_path": "/nix/store/ci25psqyv409fcigp56b4rx46dl6b68g-ripgrep-14.1.0"
        },
        "aarch64-linux": {
          "outputs": [
            {
              "name": "out",
              "path": "/nix/store/a7af3x410sns11jhl5hnxcas1ng0v2a6-ripgrep-14.1.0",
              "default": true
            }
          ],
          "store_path": "/nix/store/a7af3x410sns11jhl5hnxcas1ng0v2a6-ripgrep-14.1.0"
        },
        "x86_64-darwin": {
          "outputs": [
            {
              "name": "out",
              "path": "/nix/store/fg4i9q627y32x0bqffnlabm4aikhih00-ripgrep-14.1.0",
              "default": true
            }
          ],
          "store_path": "/nix/store/fg4i9q627y32x0bqffnlabm4aikhih00-ripgrep-14.1.0"
        },
        "x86_64-linux": {
          "outputs": [
            {
              "name": "out",
              "path": "/nix/store/whf1h65d54m8m6ws4sly5sqp0nz61zam-ripgrep-14.1.0",
              "default": true
            }
          ],
          "store_path": "/nix/store/whf1h65d54m8m6ws4sly5sqp0nz61zam-ripgrep-14.1.0"
        }
      }
    },
    "vim@latest": {
      "last_modified": "2024-07-31T08:48:38Z",
      "resolved": "github:NixOS/nixpkgs/c3392ad349a5227f4a3464dce87bcc5046692fce#vim",
      "source": "devbox-search",
      "version": "9.1.0595",
      "systems": {
        "aarch64-darwin": {
          "outputs": [
            {
              "name": "out",
              "path": "/nix/store/inhg30xjbdflx7q6lilp86b6ydqi988v-vim-9.1.0595",
              "default": true
            },
            {
              "name": "xxd",
              "path": "/nix/store/qd1hrgvdnra86fbi2ivpnym05l7mrkj2-vim-9.1.0595-xxd",
              "default": true
            }
          ],
          "store_path": "/nix/store/inhg30xjbdflx7q6lilp86b6ydqi988v-vim-9.1.0595"
        },
        "aarch64-linux": {
          "outputs": [
            {
              "name": "out",
              "path": "/nix/store/l55jjxdxr1qilg0mdqvw4sz28nq5aiil-vim-9.1.0595",
              "default": true
            },
            {
              "name": "xxd",
              "path": "/nix/store/qff24wsin8lrjgi5160jb6l440crfrsi-vim-9.1.0595-xxd",
              "default": true
            }
          ],
          "store_path": "/nix/store/l55jjxdxr1qilg0mdqvw4sz28nq5aiil-vim-9.1.0595"
        },
        "x86_64-darwin": {
          "outputs": [
            {
              "name": "out",
              "path": "/nix/store/px2gz66s12vcmkgzz1b62pgqnqijv2yb-vim-9.1.0595",
              "default": true
            },
            {
              "name": "xxd",
              "path": "/nix/store/mrf4d2hxhhpg7l9k22b6gq2qzcaxbsbv-vim-9.1.0595-xxd",
              "default": true
            }
          ],
          "store_path": "/nix/store/px2gz66s12vcmkgzz1b62pgqnqijv2yb-vim-9.1.0595"
        },
        "x86_64-linux": {
          "outputs": [
            {
              "name": "out",
              "path": "/nix/store/wlg3rafcd4851nh79vxaqw3kln11162g-vim-9.1.0595",
              "default": true
            },
            {
              "name": "xxd",
              "path": "/nix/store/p9786ri9ivvanaj6wh0yagd2jdr3gm6w-vim-9.1.0595-xxd",
              "default": true
            }
          ],
          "store_path": "/nix/store/wlg3rafcd4851nh79vxaqw3kln11162g-vim-9.1.0595"
        }
      }
    }
  }
}
